
Microsoft Visual Studio Solution File, Format Version 12.00
# Visual Studio Version 16
VisualStudioVersion = 16.0.30128.74
MinimumVisualStudioVersion = 10.0.40219.1
Project("{8BC9CEB8-8B4A-11D0-8D11-00A0C91BC942}") = "arjundotcpp", "arjundotcpp\arjundotcpp.vcxproj", "{F0A099FE-DAE6-4424-9436-A7365B651ABE}"
EndProject
Global
	GlobalSection(SolutionConfigurationPlatforms) = preSolution
		Debug|x64 = Debug|x64
		Debug|x86 = Debug|x86
		Release|x64 = Release|x64
		Release|x86 = Release|x86
	EndGlobalSection
	GlobalSection(ProjectConfigurationPlatforms) = postSolution
		{F0A099FE-DAE6-4424-9436-A7365B651ABE}.Debug|x64.ActiveCfg = Debug|x64
		{F0A099FE-DAE6-4424-9436-A7365B651ABE}.Debug|x64.Build.0 = Debug|x64
		{F0A099FE-DAE6-4424-9436-A7365B651ABE}.Debug|x86.ActiveCfg = Debug|Win32
		{F0A099FE-DAE6-4424-9436-A7365B651ABE}.Debug|x86.Build.0 = Debug|Win32
		{F0A099FE-DAE6-4424-9436-A7365B651ABE}.Release|x64.ActiveCfg = Release|x64
		{F0A099FE-DAE6-4424-9436-A7365B651ABE}.Release|x64.Build.0 = Release|x64
		{F0A099FE-DAE6-4424-9436-A7365B651ABE}.Release|x86.ActiveCfg = Release|Win32
		{F0A099FE-DAE6-4424-9436-A7365B651ABE}.Release|x86.Build.0 = Release|Win32
	EndGlobalSection
	GlobalSection(SolutionProperties) = preSolution
		HideSolutionNode = FALSE
	EndGlobalSection
	GlobalSection(ExtensibilityGlobals) = postSolution
		SolutionGuid = {688E0CD1-BFA2-4D8B-9C50-14FA23EDCA50}
	EndGlobalSection
EndGlobal
